
Microsoft Visual Studio Solution File, Format Version 12.00
# Visual Studio Version 16
VisualStudioVersion = 16.0.30309.148
MinimumVisualStudioVersion = 10.0.40219.1
Project("{9A19103F-16F7-4668-BE54-9A1E7A4F7556}") = "AwsSamplesNetCore.Serverless.Basic", "AwsSamplesNetCore.Serverless.Basic\AwsSamplesNetCore.Serverless.Basic.csproj", "{8D6AE8F4-75C0-4AB3-B14B-D354F7F6733D}"
EndProject
Project("{9A19103F-16F7-4668-BE54-9A1E7A4F7556}") = "awssamplesnetcore-serverless-apigateway", "awssamplesnetcore-serverless-apigateway\awssamplesnetcore-serverless-apigateway.csproj", "{8936ACBA-18F1-4C78-B064-79E1CEAB6130}"
EndProject
Project("{9A19103F-16F7-4668-BE54-9A1E7A4F7556}") = "aws-csharp", "AwsSamplesNetCore.Serverless.StepFunctions\aws-csharp.csproj", "{2B4EE3B5-775F-403E-B760-346DC6DF12CD}"
EndProject
Global
	GlobalSection(SolutionConfigurationPlatforms) = preSolution
		Debug|Any CPU = Debug|Any CPU
		Release|Any CPU = Release|Any CPU
	EndGlobalSection
	GlobalSection(ProjectConfigurationPlatforms) = postSolution
		{8D6AE8F4-75C0-4AB3-B14B-D354F7F6733D}.Debug|Any CPU.ActiveCfg = Debug|Any CPU
		{8D6AE8F4-75C0-4AB3-B14B-D354F7F6733D}.Debug|Any CPU.Build.0 = Debug|Any CPU
		{8D6AE8F4-75C0-4AB3-B14B-D354F7F6733D}.Release|Any CPU.ActiveCfg = Release|Any CPU
		{8D6AE8F4-75C0-4AB3-B14B-D354F7F6733D}.Release|Any CPU.Build.0 = Release|Any CPU
		{8936ACBA-18F1-4C78-B064-79E1CEAB6130}.Debug|Any CPU.ActiveCfg = Debug|Any CPU
		{8936ACBA-18F1-4C78-B064-79E1CEAB6130}.Debug|Any CPU.Build.0 = Debug|Any CPU
		{8936ACBA-18F1-4C78-B064-79E1CEAB6130}.Release|Any CPU.ActiveCfg = Release|Any CPU
		{8936ACBA-18F1-4C78-B064-79E1CEAB6130}.Release|Any CPU.Build.0 = Release|Any CPU
		{2B4EE3B5-775F-403E-B760-346DC6DF12CD}.Debug|Any CPU.ActiveCfg = Debug|Any CPU
		{2B4EE3B5-775F-403E-B760-346DC6DF12CD}.Debug|Any CPU.Build.0 = Debug|Any CPU
		{2B4EE3B5-775F-403E-B760-346DC6DF12CD}.Release|Any CPU.ActiveCfg = Release|Any CPU
		{2B4EE3B5-775F-403E-B760-346DC6DF12CD}.Release|Any CPU.Build.0 = Release|Any CPU
	EndGlobalSection
	GlobalSection(SolutionProperties) = preSolution
		HideSolutionNode = FALSE
	EndGlobalSection
	GlobalSection(ExtensibilityGlobals) = postSolution
		SolutionGuid = {0627939E-3F64-496A-9EAC-32D89F07C824}
	EndGlobalSection
EndGlobal
