
Microsoft Visual Studio Solution File, Format Version 12.00
# Visual Studio Version 16
VisualStudioVersion = 16.0.30225.117
MinimumVisualStudioVersion = 10.0.40219.1
Project("{9A19103F-16F7-4668-BE54-9A1E7A4F7556}") = "AwsSamplesNetcore.S3.Crud.ConsoleApp", "AwsSamplesNetcore.S3.Crud.ConsoleApp\AwsSamplesNetcore.S3.Crud.ConsoleApp.csproj", "{6C2309C5-1E86-4C70-960A-E491847D9E5C}"
EndProject
Project("{9A19103F-16F7-4668-BE54-9A1E7A4F7556}") = "DeleteS3ByPrefix.ConsoleApp", "DeleteS3ByPrefix.ConsoleApp\DeleteS3ByPrefix.ConsoleApp.csproj", "{FE6DA65A-16DC-46CC-BBF2-1B9BDDC3B312}"
EndProject
Project("{9A19103F-16F7-4668-BE54-9A1E7A4F7556}") = "AwsSamplesNetcore.S3.Wapper", "AwsSamplesNetcore.S3.Wapper\AwsSamplesNetcore.S3.Wapper.csproj", "{CCD8890B-9ADE-4647-B001-16F822EF6E70}"
EndProject
Project("{2150E333-8FDC-42A3-9474-1A3956D46DE8}") = "Util", "Util", "{BBFC1467-5B1B-480E-A158-3911A43B55B7}"
EndProject
Project("{2150E333-8FDC-42A3-9474-1A3956D46DE8}") = "S3", "S3", "{BF528A33-94BB-45E9-9BDA-01D91FFD3834}"
EndProject
Project("{9A19103F-16F7-4668-BE54-9A1E7A4F7556}") = "AwsSamplesNetcore.TestUtils", "AwsSamplesNetcore.TestUtils\AwsSamplesNetcore.TestUtils.csproj", "{35D158E5-E354-4D1B-AFC8-8CA5F8321870}"
EndProject
Project("{9A19103F-16F7-4668-BE54-9A1E7A4F7556}") = "Tools.Configuration", "Tools.Configuration\Tools.Configuration.csproj", "{41F0CBA6-759F-43D1-8C0B-1CB33E87F204}"
EndProject
Project("{2150E333-8FDC-42A3-9474-1A3956D46DE8}") = "serverless", "serverless", "{6203209B-93DF-4EA1-95BC-F8F49C3F1DA4}"
EndProject
Global
	GlobalSection(SolutionConfigurationPlatforms) = preSolution
		Debug|Any CPU = Debug|Any CPU
		Release|Any CPU = Release|Any CPU
	EndGlobalSection
	GlobalSection(ProjectConfigurationPlatforms) = postSolution
		{6C2309C5-1E86-4C70-960A-E491847D9E5C}.Debug|Any CPU.ActiveCfg = Debug|Any CPU
		{6C2309C5-1E86-4C70-960A-E491847D9E5C}.Debug|Any CPU.Build.0 = Debug|Any CPU
		{6C2309C5-1E86-4C70-960A-E491847D9E5C}.Release|Any CPU.ActiveCfg = Release|Any CPU
		{6C2309C5-1E86-4C70-960A-E491847D9E5C}.Release|Any CPU.Build.0 = Release|Any CPU
		{FE6DA65A-16DC-46CC-BBF2-1B9BDDC3B312}.Debug|Any CPU.ActiveCfg = Debug|Any CPU
		{FE6DA65A-16DC-46CC-BBF2-1B9BDDC3B312}.Debug|Any CPU.Build.0 = Debug|Any CPU
		{FE6DA65A-16DC-46CC-BBF2-1B9BDDC3B312}.Release|Any CPU.ActiveCfg = Release|Any CPU
		{FE6DA65A-16DC-46CC-BBF2-1B9BDDC3B312}.Release|Any CPU.Build.0 = Release|Any CPU
		{CCD8890B-9ADE-4647-B001-16F822EF6E70}.Debug|Any CPU.ActiveCfg = Debug|Any CPU
		{CCD8890B-9ADE-4647-B001-16F822EF6E70}.Debug|Any CPU.Build.0 = Debug|Any CPU
		{CCD8890B-9ADE-4647-B001-16F822EF6E70}.Release|Any CPU.ActiveCfg = Release|Any CPU
		{CCD8890B-9ADE-4647-B001-16F822EF6E70}.Release|Any CPU.Build.0 = Release|Any CPU
		{35D158E5-E354-4D1B-AFC8-8CA5F8321870}.Debug|Any CPU.ActiveCfg = Debug|Any CPU
		{35D158E5-E354-4D1B-AFC8-8CA5F8321870}.Debug|Any CPU.Build.0 = Debug|Any CPU
		{35D158E5-E354-4D1B-AFC8-8CA5F8321870}.Release|Any CPU.ActiveCfg = Release|Any CPU
		{35D158E5-E354-4D1B-AFC8-8CA5F8321870}.Release|Any CPU.Build.0 = Release|Any CPU
		{41F0CBA6-759F-43D1-8C0B-1CB33E87F204}.Debug|Any CPU.ActiveCfg = Debug|Any CPU
		{41F0CBA6-759F-43D1-8C0B-1CB33E87F204}.Debug|Any CPU.Build.0 = Debug|Any CPU
		{41F0CBA6-759F-43D1-8C0B-1CB33E87F204}.Release|Any CPU.ActiveCfg = Release|Any CPU
		{41F0CBA6-759F-43D1-8C0B-1CB33E87F204}.Release|Any CPU.Build.0 = Release|Any CPU
	EndGlobalSection
	GlobalSection(SolutionProperties) = preSolution
		HideSolutionNode = FALSE
	EndGlobalSection
	GlobalSection(NestedProjects) = preSolution
		{6C2309C5-1E86-4C70-960A-E491847D9E5C} = {BF528A33-94BB-45E9-9BDA-01D91FFD3834}
		{FE6DA65A-16DC-46CC-BBF2-1B9BDDC3B312} = {BF528A33-94BB-45E9-9BDA-01D91FFD3834}
		{CCD8890B-9ADE-4647-B001-16F822EF6E70} = {BF528A33-94BB-45E9-9BDA-01D91FFD3834}
		{35D158E5-E354-4D1B-AFC8-8CA5F8321870} = {BBFC1467-5B1B-480E-A158-3911A43B55B7}
	EndGlobalSection
	GlobalSection(ExtensibilityGlobals) = postSolution
		SolutionGuid = {2733EF70-024A-4CA1-9073-3FE8CA3C8A9B}
	EndGlobalSection
EndGlobal
