
Microsoft Visual Studio Solution File, Format Version 12.00
# Visual Studio Version 16
VisualStudioVersion = 16.0.30225.117
MinimumVisualStudioVersion = 10.0.40219.1
Project("{FAE04EC0-301F-11D3-BF4B-00C04F79EFBC}") = "AwsSamplesNetcore.S3.Crud.ConsoleApp", "AwsSamplesNetcore.S3.Crud.ConsoleApp\AwsSamplesNetcore.S3.Crud.ConsoleApp.csproj", "{6C2309C5-1E86-4C70-960A-E491847D9E5C}"
EndProject
Global
	GlobalSection(SolutionConfigurationPlatforms) = preSolution
		Debug|Any CPU = Debug|Any CPU
		Release|Any CPU = Release|Any CPU
	EndGlobalSection
	GlobalSection(ProjectConfigurationPlatforms) = postSolution
		{6C2309C5-1E86-4C70-960A-E491847D9E5C}.Debug|Any CPU.ActiveCfg = Debug|Any CPU
		{6C2309C5-1E86-4C70-960A-E491847D9E5C}.Debug|Any CPU.Build.0 = Debug|Any CPU
		{6C2309C5-1E86-4C70-960A-E491847D9E5C}.Release|Any CPU.ActiveCfg = Release|Any CPU
		{6C2309C5-1E86-4C70-960A-E491847D9E5C}.Release|Any CPU.Build.0 = Release|Any CPU
	EndGlobalSection
	GlobalSection(SolutionProperties) = preSolution
		HideSolutionNode = FALSE
	EndGlobalSection
	GlobalSection(ExtensibilityGlobals) = postSolution
		SolutionGuid = {2733EF70-024A-4CA1-9073-3FE8CA3C8A9B}
	EndGlobalSection
EndGlobal
